# Code generated by scarb DO NOT EDIT.
version = 1

[[package]]
name = "counter"
version = "0.1.0"
dependencies = [
 "kill_switch",
 "openzeppelin",
 "snforge_std",
]

[[package]]
name = "kill_switch"
version = "0.1.0"
source = "git+https://github.com/starknet-edu/kill-switch.git#eb11d5580807280f0c7e7a38db1f468e7f50dad8"

[[package]]
name = "openzeppelin"
version = "0.11.0"
source = "git+https://github.com/OpenZeppelin/cairo-contracts.git?tag=v0.11.0#a83f36b23f1af6e160288962be4a2701c3ecbcda"

[[package]]
name = "snforge_std"
version = "0.23.0"
source = "git+https://github.com/foundry-rs/starknet-foundry.git?tag=v0.23.0#f2bff8f796763ada77fe6033ec1b034ceee22abd"
